
Microsoft Visual Studio Solution File, Format Version 12.00
# Visual Studio Version 17
VisualStudioVersion = 17.8.34322.80
MinimumVisualStudioVersion = 10.0.40219.1
Project("{9A19103F-16F7-4668-BE54-9A1E7A4F7556}") = "WebAPI", "WebAPI\WebAPI.csproj", "{33564A18-AA9C-469A-8853-DD938D1325C1}"
EndProject
Project("{9A19103F-16F7-4668-BE54-9A1E7A4F7556}") = "Repository", "Repository\Repository.csproj", "{8D704D65-12C9-44D8-A9DA-66EC9FA8869F}"
EndProject
Global
	GlobalSection(SolutionConfigurationPlatforms) = preSolution
		Debug|Any CPU = Debug|Any CPU
		Release|Any CPU = Release|Any CPU
	EndGlobalSection
	GlobalSection(ProjectConfigurationPlatforms) = postSolution
		{33564A18-AA9C-469A-8853-DD938D1325C1}.Debug|Any CPU.ActiveCfg = Debug|Any CPU
		{33564A18-AA9C-469A-8853-DD938D1325C1}.Debug|Any CPU.Build.0 = Debug|Any CPU
		{33564A18-AA9C-469A-8853-DD938D1325C1}.Release|Any CPU.ActiveCfg = Release|Any CPU
		{33564A18-AA9C-469A-8853-DD938D1325C1}.Release|Any CPU.Build.0 = Release|Any CPU
		{8D704D65-12C9-44D8-A9DA-66EC9FA8869F}.Debug|Any CPU.ActiveCfg = Debug|Any CPU
		{8D704D65-12C9-44D8-A9DA-66EC9FA8869F}.Debug|Any CPU.Build.0 = Debug|Any CPU
		{8D704D65-12C9-44D8-A9DA-66EC9FA8869F}.Release|Any CPU.ActiveCfg = Release|Any CPU
		{8D704D65-12C9-44D8-A9DA-66EC9FA8869F}.Release|Any CPU.Build.0 = Release|Any CPU
	EndGlobalSection
	GlobalSection(SolutionProperties) = preSolution
		HideSolutionNode = FALSE
	EndGlobalSection
	GlobalSection(ExtensibilityGlobals) = postSolution
		SolutionGuid = {13B8D839-87A1-4978-91A0-3C484D6AD5FE}
	EndGlobalSection
EndGlobal
